
Microsoft Visual Studio Solution File, Format Version 12.00
# Visual Studio Version 16
VisualStudioVersion = 16.0.34031.81
MinimumVisualStudioVersion = 10.0.40219.1
Project("{FAE04EC0-301F-11D3-BF4B-00C04F79EFBC}") = "Testing September", "Testing September\Testing September.csproj", "{CC55CC25-FB5A-4F1A-AA7E-5BB08E9BA7AB}"
EndProject
Global
	GlobalSection(SolutionConfigurationPlatforms) = preSolution
		Debug|Any CPU = Debug|Any CPU
		Release|Any CPU = Release|Any CPU
	EndGlobalSection
	GlobalSection(ProjectConfigurationPlatforms) = postSolution
		{CC55CC25-FB5A-4F1A-AA7E-5BB08E9BA7AB}.Debug|Any CPU.ActiveCfg = Debug|Any CPU
		{CC55CC25-FB5A-4F1A-AA7E-5BB08E9BA7AB}.Debug|Any CPU.Build.0 = Debug|Any CPU
		{CC55CC25-FB5A-4F1A-AA7E-5BB08E9BA7AB}.Release|Any CPU.ActiveCfg = Release|Any CPU
		{CC55CC25-FB5A-4F1A-AA7E-5BB08E9BA7AB}.Release|Any CPU.Build.0 = Release|Any CPU
	EndGlobalSection
	GlobalSection(SolutionProperties) = preSolution
		HideSolutionNode = FALSE
	EndGlobalSection
	GlobalSection(ExtensibilityGlobals) = postSolution
		SolutionGuid = {469ECEC3-CB88-457C-BB5A-2FA35F1E468D}
	EndGlobalSection
EndGlobal
